
Microsoft Visual Studio Solution File, Format Version 12.00
# Visual Studio Version 17
VisualStudioVersion = 17.4.33213.308
MinimumVisualStudioVersion = 10.0.40219.1
Project("{2150E333-8FDC-42A3-9474-1A3956D46DE8}") = "Framework", "Framework", "{2DE9C088-7E6F-4CD4-A0AB-0E5A8AE3A8E5}"
EndProject
Project("{9A19103F-16F7-4668-BE54-9A1E7A4F7556}") = "WPFUtility", "WPFUtility\WPFUtility.csproj", "{FEE3116B-B834-4D23-A400-84EEEB8C03B0}"
EndProject
Project("{9A19103F-16F7-4668-BE54-9A1E7A4F7556}") = "VisualizerControl", "VisualizerControl\VisualizerControl.csproj", "{08E50FA7-DD49-45ED-9D41-E2EB9822387A}"
EndProject
Project("{9A19103F-16F7-4668-BE54-9A1E7A4F7556}") = "VisualizerBaseClasses", "VisualizerBaseClasses\VisualizerBaseClasses.csproj", "{DB029F74-F4B0-4993-BDFA-13386489C3CE}"
EndProject
Project("{9A19103F-16F7-4668-BE54-9A1E7A4F7556}") = "Visualizer", "Visualizer\Visualizer.csproj", "{C506C923-A773-4F1B-AAB7-C9E6BBE2502A}"
EndProject
Project("{9A19103F-16F7-4668-BE54-9A1E7A4F7556}") = "MotionVisualizer3D", "MotionVisualizer3D\MotionVisualizer3D.csproj", "{EAAD223E-DD30-455F-BDD4-3BA8B64DE6A3}"
EndProject
Project("{9A19103F-16F7-4668-BE54-9A1E7A4F7556}") = "MotionVisualizer", "MotionVisualizer\MotionVisualizer.csproj", "{68121790-D3C6-4999-92FE-3117638E2086}"
EndProject
Project("{9A19103F-16F7-4668-BE54-9A1E7A4F7556}") = "GraphData", "GraphData\GraphData.csproj", "{5159F852-81C2-4586-8777-1B9C396F5C67}"
EndProject
Project("{9A19103F-16F7-4668-BE54-9A1E7A4F7556}") = "GraphControl", "GraphControl\GraphControl.csproj", "{7F60292B-2F5E-44D7-8190-5118D93C8834}"
EndProject
Project("{9A19103F-16F7-4668-BE54-9A1E7A4F7556}") = "DongUtility", "DongUtility\DongUtility.csproj", "{C1F64235-A958-4837-8723-6143AC4A2DCC}"
EndProject
Project("{9A19103F-16F7-4668-BE54-9A1E7A4F7556}") = "Geometry", "Geometry\Geometry.csproj", "{42029E4E-F6B4-4DB9-8465-C093FAADF8EF}"
EndProject
Project("{9A19103F-16F7-4668-BE54-9A1E7A4F7556}") = "Projectile_Motion", "..\ComputationalScienceSpring2023\Projectile_Motion\Projectile_Motion.csproj", "{1F6994AC-311D-41A5-86E3-82385BB2FB7D}"
EndProject
Project("{9A19103F-16F7-4668-BE54-9A1E7A4F7556}") = "Utility", "..\ComputationalScienceSpring2023\Utility\Utility.csproj", "{2F1E8468-C6AC-41F7-B0E8-3235C3F64DB0}"
EndProject
Global
	GlobalSection(SolutionConfigurationPlatforms) = preSolution
		Debug|Any CPU = Debug|Any CPU
		Release|Any CPU = Release|Any CPU
	EndGlobalSection
	GlobalSection(ProjectConfigurationPlatforms) = postSolution
		{FEE3116B-B834-4D23-A400-84EEEB8C03B0}.Debug|Any CPU.ActiveCfg = Debug|Any CPU
		{FEE3116B-B834-4D23-A400-84EEEB8C03B0}.Debug|Any CPU.Build.0 = Debug|Any CPU
		{FEE3116B-B834-4D23-A400-84EEEB8C03B0}.Release|Any CPU.ActiveCfg = Release|Any CPU
		{FEE3116B-B834-4D23-A400-84EEEB8C03B0}.Release|Any CPU.Build.0 = Release|Any CPU
		{08E50FA7-DD49-45ED-9D41-E2EB9822387A}.Debug|Any CPU.ActiveCfg = Debug|Any CPU
		{08E50FA7-DD49-45ED-9D41-E2EB9822387A}.Debug|Any CPU.Build.0 = Debug|Any CPU
		{08E50FA7-DD49-45ED-9D41-E2EB9822387A}.Release|Any CPU.ActiveCfg = Release|Any CPU
		{08E50FA7-DD49-45ED-9D41-E2EB9822387A}.Release|Any CPU.Build.0 = Release|Any CPU
		{DB029F74-F4B0-4993-BDFA-13386489C3CE}.Debug|Any CPU.ActiveCfg = Debug|Any CPU
		{DB029F74-F4B0-4993-BDFA-13386489C3CE}.Debug|Any CPU.Build.0 = Debug|Any CPU
		{DB029F74-F4B0-4993-BDFA-13386489C3CE}.Release|Any CPU.ActiveCfg = Release|Any CPU
		{DB029F74-F4B0-4993-BDFA-13386489C3CE}.Release|Any CPU.Build.0 = Release|Any CPU
		{C506C923-A773-4F1B-AAB7-C9E6BBE2502A}.Debug|Any CPU.ActiveCfg = Debug|Any CPU
		{C506C923-A773-4F1B-AAB7-C9E6BBE2502A}.Debug|Any CPU.Build.0 = Debug|Any CPU
		{C506C923-A773-4F1B-AAB7-C9E6BBE2502A}.Release|Any CPU.ActiveCfg = Release|Any CPU
		{C506C923-A773-4F1B-AAB7-C9E6BBE2502A}.Release|Any CPU.Build.0 = Release|Any CPU
		{EAAD223E-DD30-455F-BDD4-3BA8B64DE6A3}.Debug|Any CPU.ActiveCfg = Debug|Any CPU
		{EAAD223E-DD30-455F-BDD4-3BA8B64DE6A3}.Debug|Any CPU.Build.0 = Debug|Any CPU
		{EAAD223E-DD30-455F-BDD4-3BA8B64DE6A3}.Release|Any CPU.ActiveCfg = Release|Any CPU
		{EAAD223E-DD30-455F-BDD4-3BA8B64DE6A3}.Release|Any CPU.Build.0 = Release|Any CPU
		{68121790-D3C6-4999-92FE-3117638E2086}.Debug|Any CPU.ActiveCfg = Debug|Any CPU
		{68121790-D3C6-4999-92FE-3117638E2086}.Debug|Any CPU.Build.0 = Debug|Any CPU
		{68121790-D3C6-4999-92FE-3117638E2086}.Release|Any CPU.ActiveCfg = Release|Any CPU
		{68121790-D3C6-4999-92FE-3117638E2086}.Release|Any CPU.Build.0 = Release|Any CPU
		{5159F852-81C2-4586-8777-1B9C396F5C67}.Debug|Any CPU.ActiveCfg = Debug|Any CPU
		{5159F852-81C2-4586-8777-1B9C396F5C67}.Debug|Any CPU.Build.0 = Debug|Any CPU
		{5159F852-81C2-4586-8777-1B9C396F5C67}.Release|Any CPU.ActiveCfg = Release|Any CPU
		{5159F852-81C2-4586-8777-1B9C396F5C67}.Release|Any CPU.Build.0 = Release|Any CPU
		{7F60292B-2F5E-44D7-8190-5118D93C8834}.Debug|Any CPU.ActiveCfg = Debug|Any CPU
		{7F60292B-2F5E-44D7-8190-5118D93C8834}.Debug|Any CPU.Build.0 = Debug|Any CPU
		{7F60292B-2F5E-44D7-8190-5118D93C8834}.Release|Any CPU.ActiveCfg = Release|Any CPU
		{7F60292B-2F5E-44D7-8190-5118D93C8834}.Release|Any CPU.Build.0 = Release|Any CPU
		{C1F64235-A958-4837-8723-6143AC4A2DCC}.Debug|Any CPU.ActiveCfg = Debug|Any CPU
		{C1F64235-A958-4837-8723-6143AC4A2DCC}.Debug|Any CPU.Build.0 = Debug|Any CPU
		{C1F64235-A958-4837-8723-6143AC4A2DCC}.Release|Any CPU.ActiveCfg = Release|Any CPU
		{C1F64235-A958-4837-8723-6143AC4A2DCC}.Release|Any CPU.Build.0 = Release|Any CPU
		{42029E4E-F6B4-4DB9-8465-C093FAADF8EF}.Debug|Any CPU.ActiveCfg = Debug|Any CPU
		{42029E4E-F6B4-4DB9-8465-C093FAADF8EF}.Debug|Any CPU.Build.0 = Debug|Any CPU
		{42029E4E-F6B4-4DB9-8465-C093FAADF8EF}.Release|Any CPU.ActiveCfg = Release|Any CPU
		{42029E4E-F6B4-4DB9-8465-C093FAADF8EF}.Release|Any CPU.Build.0 = Release|Any CPU
		{1F6994AC-311D-41A5-86E3-82385BB2FB7D}.Debug|Any CPU.ActiveCfg = Debug|Any CPU
		{1F6994AC-311D-41A5-86E3-82385BB2FB7D}.Debug|Any CPU.Build.0 = Debug|Any CPU
		{1F6994AC-311D-41A5-86E3-82385BB2FB7D}.Release|Any CPU.ActiveCfg = Release|Any CPU
		{1F6994AC-311D-41A5-86E3-82385BB2FB7D}.Release|Any CPU.Build.0 = Release|Any CPU
		{2F1E8468-C6AC-41F7-B0E8-3235C3F64DB0}.Debug|Any CPU.ActiveCfg = Debug|Any CPU
		{2F1E8468-C6AC-41F7-B0E8-3235C3F64DB0}.Debug|Any CPU.Build.0 = Debug|Any CPU
		{2F1E8468-C6AC-41F7-B0E8-3235C3F64DB0}.Release|Any CPU.ActiveCfg = Release|Any CPU
		{2F1E8468-C6AC-41F7-B0E8-3235C3F64DB0}.Release|Any CPU.Build.0 = Release|Any CPU
	EndGlobalSection
	GlobalSection(SolutionProperties) = preSolution
		HideSolutionNode = FALSE
	EndGlobalSection
	GlobalSection(NestedProjects) = preSolution
		{FEE3116B-B834-4D23-A400-84EEEB8C03B0} = {2DE9C088-7E6F-4CD4-A0AB-0E5A8AE3A8E5}
		{08E50FA7-DD49-45ED-9D41-E2EB9822387A} = {2DE9C088-7E6F-4CD4-A0AB-0E5A8AE3A8E5}
		{DB029F74-F4B0-4993-BDFA-13386489C3CE} = {2DE9C088-7E6F-4CD4-A0AB-0E5A8AE3A8E5}
		{EAAD223E-DD30-455F-BDD4-3BA8B64DE6A3} = {2DE9C088-7E6F-4CD4-A0AB-0E5A8AE3A8E5}
		{68121790-D3C6-4999-92FE-3117638E2086} = {2DE9C088-7E6F-4CD4-A0AB-0E5A8AE3A8E5}
		{5159F852-81C2-4586-8777-1B9C396F5C67} = {2DE9C088-7E6F-4CD4-A0AB-0E5A8AE3A8E5}
		{7F60292B-2F5E-44D7-8190-5118D93C8834} = {2DE9C088-7E6F-4CD4-A0AB-0E5A8AE3A8E5}
		{C1F64235-A958-4837-8723-6143AC4A2DCC} = {2DE9C088-7E6F-4CD4-A0AB-0E5A8AE3A8E5}
		{42029E4E-F6B4-4DB9-8465-C093FAADF8EF} = {2DE9C088-7E6F-4CD4-A0AB-0E5A8AE3A8E5}
	EndGlobalSection
	GlobalSection(ExtensibilityGlobals) = postSolution
		SolutionGuid = {584AA207-EA13-47CB-8A10-C5D4856625ED}
	EndGlobalSection
EndGlobal
